
Microsoft Visual Studio Solution File, Format Version 12.00
# Visual Studio Version 16
VisualStudioVersion = 16.0.29411.108
MinimumVisualStudioVersion = 10.0.40219.1
Project("{8BC9CEB8-8B4A-11D0-8D11-00A0C91BC942}") = "CServerThread_Test", "CServerThread_Test\CServerThread_Test.vcxproj", "{BBF5CCF7-8A76-4C1F-B185-2CF81FAEA5AB}"
EndProject
Global
	GlobalSection(SolutionConfigurationPlatforms) = preSolution
		Debug|ARM = Debug|ARM
		Debug|ARM64 = Debug|ARM64
		Debug|x64 = Debug|x64
		Debug|x86 = Debug|x86
		Release|ARM = Release|ARM
		Release|ARM64 = Release|ARM64
		Release|x64 = Release|x64
		Release|x86 = Release|x86
	EndGlobalSection
	GlobalSection(ProjectConfigurationPlatforms) = postSolution
		{BBF5CCF7-8A76-4C1F-B185-2CF81FAEA5AB}.Debug|ARM.ActiveCfg = Debug|ARM
		{BBF5CCF7-8A76-4C1F-B185-2CF81FAEA5AB}.Debug|ARM.Build.0 = Debug|ARM
		{BBF5CCF7-8A76-4C1F-B185-2CF81FAEA5AB}.Debug|ARM.Deploy.0 = Debug|ARM
		{BBF5CCF7-8A76-4C1F-B185-2CF81FAEA5AB}.Debug|ARM64.ActiveCfg = Debug|ARM64
		{BBF5CCF7-8A76-4C1F-B185-2CF81FAEA5AB}.Debug|ARM64.Build.0 = Debug|ARM64
		{BBF5CCF7-8A76-4C1F-B185-2CF81FAEA5AB}.Debug|ARM64.Deploy.0 = Debug|ARM64
		{BBF5CCF7-8A76-4C1F-B185-2CF81FAEA5AB}.Debug|x64.ActiveCfg = Debug|x64
		{BBF5CCF7-8A76-4C1F-B185-2CF81FAEA5AB}.Debug|x64.Build.0 = Debug|x64
		{BBF5CCF7-8A76-4C1F-B185-2CF81FAEA5AB}.Debug|x64.Deploy.0 = Debug|x64
		{BBF5CCF7-8A76-4C1F-B185-2CF81FAEA5AB}.Debug|x86.ActiveCfg = Debug|x86
		{BBF5CCF7-8A76-4C1F-B185-2CF81FAEA5AB}.Debug|x86.Build.0 = Debug|x86
		{BBF5CCF7-8A76-4C1F-B185-2CF81FAEA5AB}.Debug|x86.Deploy.0 = Debug|x86
		{BBF5CCF7-8A76-4C1F-B185-2CF81FAEA5AB}.Release|ARM.ActiveCfg = Release|ARM
		{BBF5CCF7-8A76-4C1F-B185-2CF81FAEA5AB}.Release|ARM.Build.0 = Release|ARM
		{BBF5CCF7-8A76-4C1F-B185-2CF81FAEA5AB}.Release|ARM.Deploy.0 = Release|ARM
		{BBF5CCF7-8A76-4C1F-B185-2CF81FAEA5AB}.Release|ARM64.ActiveCfg = Release|ARM64
		{BBF5CCF7-8A76-4C1F-B185-2CF81FAEA5AB}.Release|ARM64.Build.0 = Release|ARM64
		{BBF5CCF7-8A76-4C1F-B185-2CF81FAEA5AB}.Release|ARM64.Deploy.0 = Release|ARM64
		{BBF5CCF7-8A76-4C1F-B185-2CF81FAEA5AB}.Release|x64.ActiveCfg = Release|x64
		{BBF5CCF7-8A76-4C1F-B185-2CF81FAEA5AB}.Release|x64.Build.0 = Release|x64
		{BBF5CCF7-8A76-4C1F-B185-2CF81FAEA5AB}.Release|x64.Deploy.0 = Release|x64
		{BBF5CCF7-8A76-4C1F-B185-2CF81FAEA5AB}.Release|x86.ActiveCfg = Release|x86
		{BBF5CCF7-8A76-4C1F-B185-2CF81FAEA5AB}.Release|x86.Build.0 = Release|x86
		{BBF5CCF7-8A76-4C1F-B185-2CF81FAEA5AB}.Release|x86.Deploy.0 = Release|x86
	EndGlobalSection
	GlobalSection(SolutionProperties) = preSolution
		HideSolutionNode = FALSE
	EndGlobalSection
	GlobalSection(ExtensibilityGlobals) = postSolution
		SolutionGuid = {BAFF12FA-1B5D-4C71-82B8-A5D75E7C40C0}
	EndGlobalSection
EndGlobal
